// !$*UTF8*$!
{
	archiveVersion = 1;
	classes = {
	};
	objectVersion = 56;
	objects = {

/* Begin PBXBuildFile section */
		636727222BFCFB7D00060ED7 /* PlaceholderText.swift in Sources */ = {isa = PBXBuildFile; fileRef = 636727212BFCFB7D00060ED7 /* PlaceholderText.swift */; };
		636727262BFE68EA00060ED7 /* StartingViewModelTest.swift in Sources */ = {isa = PBXBuildFile; fileRef = 636727252BFE68EA00060ED7 /* StartingViewModelTest.swift */; };
		63BA92352BEAB927005B8E36 /* CountingViewModelTests.swift in Sources */ = {isa = PBXBuildFile; fileRef = 63BA92342BEAB927005B8E36 /* CountingViewModelTests.swift */; };
		63BA923C2BEAC1D7005B8E36 /* CritterView.swift in Sources */ = {isa = PBXBuildFile; fileRef = 63BA923B2BEAC1D7005B8E36 /* CritterView.swift */; };
		63C4FB632BF3CC11004B7E98 /* SettingsView.swift in Sources */ = {isa = PBXBuildFile; fileRef = 63C4FB622BF3CC11004B7E98 /* SettingsView.swift */; };
		63C4FB682BF53BDD004B7E98 /* StartingImageView.swift in Sources */ = {isa = PBXBuildFile; fileRef = 63C4FB672BF53BDD004B7E98 /* StartingImageView.swift */; };
		63C4FB6A2BF53C27004B7E98 /* StartingImageCarouselView.swift in Sources */ = {isa = PBXBuildFile; fileRef = 63C4FB692BF53C27004B7E98 /* StartingImageCarouselView.swift */; };
		63C4FB6C2BF53EB1004B7E98 /* InfoSettingButton.swift in Sources */ = {isa = PBXBuildFile; fileRef = 63C4FB6B2BF53EB1004B7E98 /* InfoSettingButton.swift */; };
		63C4FB6E2BF556D4004B7E98 /* StartingViewModel.swift in Sources */ = {isa = PBXBuildFile; fileRef = 63C4FB6D2BF556D4004B7E98 /* StartingViewModel.swift */; };
		63D2664E2BF802A90019FC68 /* BackgroundColor.swift in Sources */ = {isa = PBXBuildFile; fileRef = 63D2664D2BF802A90019FC68 /* BackgroundColor.swift */; };
		63D266502BF809090019FC68 /* CritterBoard.swift in Sources */ = {isa = PBXBuildFile; fileRef = 63D2664F2BF809090019FC68 /* CritterBoard.swift */; };
		63D266562BFBEFB80019FC68 /* CountingHeadView.swift in Sources */ = {isa = PBXBuildFile; fileRef = 63D266552BFBEFB80019FC68 /* CountingHeadView.swift */; };
		63D2665B2BFBF0B80019FC68 /* CountingFootView.swift in Sources */ = {isa = PBXBuildFile; fileRef = 63D2665A2BFBF0B80019FC68 /* CountingFootView.swift */; };
		63D7544C2BF55A180080297E /* HelperMethods.swift in Sources */ = {isa = PBXBuildFile; fileRef = 63D7544B2BF55A180080297E /* HelperMethods.swift */; };
		63E015462C07807A004D820D /* CountingCrittersUITests.swift in Sources */ = {isa = PBXBuildFile; fileRef = 63E015452C07807A004D820D /* CountingCrittersUITests.swift */; };
		63E015482C07807A004D820D /* CountingCrittersUITestsLaunchTests.swift in Sources */ = {isa = PBXBuildFile; fileRef = 63E015472C07807A004D820D /* CountingCrittersUITestsLaunchTests.swift */; };
		63F607452BE187A20000E44B /* CountingCrittersApp.swift in Sources */ = {isa = PBXBuildFile; fileRef = 63F607442BE187A20000E44B /* CountingCrittersApp.swift */; };
		63F607492BE187A40000E44B /* Assets.xcassets in Resources */ = {isa = PBXBuildFile; fileRef = 63F607482BE187A40000E44B /* Assets.xcassets */; };
		63F6074C2BE187A40000E44B /* Preview Assets.xcassets in Resources */ = {isa = PBXBuildFile; fileRef = 63F6074B2BE187A40000E44B /* Preview Assets.xcassets */; };
		63F607552BE1FFC10000E44B /* StartingView.swift in Sources */ = {isa = PBXBuildFile; fileRef = 63F607542BE1FFC10000E44B /* StartingView.swift */; };
		63F607572BE200620000E44B /* CountingView.swift in Sources */ = {isa = PBXBuildFile; fileRef = 63F607562BE200620000E44B /* CountingView.swift */; };
		63F607592BE2015D0000E44B /* CountingViewModel.swift in Sources */ = {isa = PBXBuildFile; fileRef = 63F607582BE2015D0000E44B /* CountingViewModel.swift */; };
		63F6075B2BE20EBA0000E44B /* Critters.json in Resources */ = {isa = PBXBuildFile; fileRef = 63F6075A2BE20EBA0000E44B /* Critters.json */; };
		63F6075D2BE3E0DD0000E44B /* BackgroundGradients.swift in Sources */ = {isa = PBXBuildFile; fileRef = 63F6075C2BE3E0DD0000E44B /* BackgroundGradients.swift */; };
		63F6075F2BE3E8130000E44B /* Critter.swift in Sources */ = {isa = PBXBuildFile; fileRef = 63F6075E2BE3E8130000E44B /* Critter.swift */; };
		63F607612BE3E8CE0000E44B /* Bundle-Decodable.swift in Sources */ = {isa = PBXBuildFile; fileRef = 63F607602BE3E8CE0000E44B /* Bundle-Decodable.swift */; };
		63F607632BE536FF0000E44B /* ImageTranslation.swift in Sources */ = {isa = PBXBuildFile; fileRef = 63F607622BE536FF0000E44B /* ImageTranslation.swift */; };
/* End PBXBuildFile section */

/* Begin PBXContainerItemProxy section */
		63BA92362BEAB927005B8E36 /* PBXContainerItemProxy */ = {
			isa = PBXContainerItemProxy;
			containerPortal = 63F607392BE187A20000E44B /* Project object */;
			proxyType = 1;
			remoteGlobalIDString = 63F607402BE187A20000E44B;
			remoteInfo = CountingCritters;
		};
		63E015492C07807A004D820D /* PBXContainerItemProxy */ = {
			isa = PBXContainerItemProxy;
			containerPortal = 63F607392BE187A20000E44B /* Project object */;
			proxyType = 1;
			remoteGlobalIDString = 63F607402BE187A20000E44B;
			remoteInfo = CountingCritters;
		};
/* End PBXContainerItemProxy section */

/* Begin PBXFileReference section */
		636727212BFCFB7D00060ED7 /* PlaceholderText.swift */ = {isa = PBXFileReference; lastKnownFileType = sourcecode.swift; path = PlaceholderText.swift; sourceTree = "<group>"; };
		636727252BFE68EA00060ED7 /* StartingViewModelTest.swift */ = {isa = PBXFileReference; lastKnownFileType = sourcecode.swift; path = StartingViewModelTest.swift; sourceTree = "<group>"; };
		636727272BFE8AD300060ED7 /* PrivacyInfo.xcprivacy */ = {isa = PBXFileReference; lastKnownFileType = text.xml; name = PrivacyInfo.xcprivacy; path = CountingCritters/PrivacyInfo.xcprivacy; sourceTree = SOURCE_ROOT; };
		63932A6C2C0E537B00D06AEF /* README.md */ = {isa = PBXFileReference; lastKnownFileType = net.daringfireball.markdown; path = README.md; sourceTree = "<group>"; };
		63BA92322BEAB927005B8E36 /* CountingCrittersTests.xctest */ = {isa = PBXFileReference; explicitFileType = wrapper.cfbundle; includeInIndex = 0; path = CountingCrittersTests.xctest; sourceTree = BUILT_PRODUCTS_DIR; };
		63BA92342BEAB927005B8E36 /* CountingViewModelTests.swift */ = {isa = PBXFileReference; lastKnownFileType = sourcecode.swift; path = CountingViewModelTests.swift; sourceTree = "<group>"; };
		63BA923B2BEAC1D7005B8E36 /* CritterView.swift */ = {isa = PBXFileReference; lastKnownFileType = sourcecode.swift; path = CritterView.swift; sourceTree = "<group>"; };
		63C4FB622BF3CC11004B7E98 /* SettingsView.swift */ = {isa = PBXFileReference; lastKnownFileType = sourcecode.swift; path = SettingsView.swift; sourceTree = "<group>"; };
		63C4FB672BF53BDD004B7E98 /* StartingImageView.swift */ = {isa = PBXFileReference; lastKnownFileType = sourcecode.swift; path = StartingImageView.swift; sourceTree = "<group>"; };
		63C4FB692BF53C27004B7E98 /* StartingImageCarouselView.swift */ = {isa = PBXFileReference; lastKnownFileType = sourcecode.swift; path = StartingImageCarouselView.swift; sourceTree = "<group>"; };
		63C4FB6B2BF53EB1004B7E98 /* InfoSettingButton.swift */ = {isa = PBXFileReference; lastKnownFileType = sourcecode.swift; path = InfoSettingButton.swift; sourceTree = "<group>"; };
		63C4FB6D2BF556D4004B7E98 /* StartingViewModel.swift */ = {isa = PBXFileReference; lastKnownFileType = sourcecode.swift; path = StartingViewModel.swift; sourceTree = "<group>"; };
		63D2664D2BF802A90019FC68 /* BackgroundColor.swift */ = {isa = PBXFileReference; lastKnownFileType = sourcecode.swift; path = BackgroundColor.swift; sourceTree = "<group>"; };
		63D2664F2BF809090019FC68 /* CritterBoard.swift */ = {isa = PBXFileReference; lastKnownFileType = sourcecode.swift; path = CritterBoard.swift; sourceTree = "<group>"; };
		63D266552BFBEFB80019FC68 /* CountingHeadView.swift */ = {isa = PBXFileReference; lastKnownFileType = sourcecode.swift; path = CountingHeadView.swift; sourceTree = "<group>"; };
		63D2665A2BFBF0B80019FC68 /* CountingFootView.swift */ = {isa = PBXFileReference; lastKnownFileType = sourcecode.swift; path = CountingFootView.swift; sourceTree = "<group>"; };
		63D7544B2BF55A180080297E /* HelperMethods.swift */ = {isa = PBXFileReference; lastKnownFileType = sourcecode.swift; path = HelperMethods.swift; sourceTree = "<group>"; };
		63E015432C07807A004D820D /* CountingCrittersUITests.xctest */ = {isa = PBXFileReference; explicitFileType = wrapper.cfbundle; includeInIndex = 0; path = CountingCrittersUITests.xctest; sourceTree = BUILT_PRODUCTS_DIR; };
		63E015452C07807A004D820D /* CountingCrittersUITests.swift */ = {isa = PBXFileReference; lastKnownFileType = sourcecode.swift; path = CountingCrittersUITests.swift; sourceTree = "<group>"; };
		63E015472C07807A004D820D /* CountingCrittersUITestsLaunchTests.swift */ = {isa = PBXFileReference; lastKnownFileType = sourcecode.swift; path = CountingCrittersUITestsLaunchTests.swift; sourceTree = "<group>"; };
		63F607412BE187A20000E44B /* CountingCritters.app */ = {isa = PBXFileReference; explicitFileType = wrapper.application; includeInIndex = 0; path = CountingCritters.app; sourceTree = BUILT_PRODUCTS_DIR; };
		63F607442BE187A20000E44B /* CountingCrittersApp.swift */ = {isa = PBXFileReference; lastKnownFileType = sourcecode.swift; path = CountingCrittersApp.swift; sourceTree = "<group>"; };
		63F607482BE187A40000E44B /* Assets.xcassets */ = {isa = PBXFileReference; lastKnownFileType = folder.assetcatalog; path = Assets.xcassets; sourceTree = "<group>"; };
		63F6074B2BE187A40000E44B /* Preview Assets.xcassets */ = {isa = PBXFileReference; lastKnownFileType = folder.assetcatalog; path = "Preview Assets.xcassets"; sourceTree = "<group>"; };
		63F607542BE1FFC10000E44B /* StartingView.swift */ = {isa = PBXFileReference; lastKnownFileType = sourcecode.swift; path = StartingView.swift; sourceTree = "<group>"; };
		63F607562BE200620000E44B /* CountingView.swift */ = {isa = PBXFileReference; lastKnownFileType = sourcecode.swift; path = CountingView.swift; sourceTree = "<group>"; };
		63F607582BE2015D0000E44B /* CountingViewModel.swift */ = {isa = PBXFileReference; lastKnownFileType = sourcecode.swift; path = CountingViewModel.swift; sourceTree = "<group>"; };
		63F6075A2BE20EBA0000E44B /* Critters.json */ = {isa = PBXFileReference; lastKnownFileType = text.json; path = Critters.json; sourceTree = "<group>"; };
		63F6075C2BE3E0DD0000E44B /* BackgroundGradients.swift */ = {isa = PBXFileReference; lastKnownFileType = sourcecode.swift; path = BackgroundGradients.swift; sourceTree = "<group>"; };
		63F6075E2BE3E8130000E44B /* Critter.swift */ = {isa = PBXFileReference; lastKnownFileType = sourcecode.swift; path = Critter.swift; sourceTree = "<group>"; };
		63F607602BE3E8CE0000E44B /* Bundle-Decodable.swift */ = {isa = PBXFileReference; lastKnownFileType = sourcecode.swift; path = "Bundle-Decodable.swift"; sourceTree = "<group>"; };
		63F607622BE536FF0000E44B /* ImageTranslation.swift */ = {isa = PBXFileReference; lastKnownFileType = sourcecode.swift; path = ImageTranslation.swift; sourceTree = "<group>"; };
/* End PBXFileReference section */

/* Begin PBXFrameworksBuildPhase section */
		63BA922F2BEAB927005B8E36 /* Frameworks */ = {
			isa = PBXFrameworksBuildPhase;
			buildActionMask = 2147483647;
			files = (
			);
			runOnlyForDeploymentPostprocessing = 0;
		};
		63E015402C07807A004D820D /* Frameworks */ = {
			isa = PBXFrameworksBuildPhase;
			buildActionMask = 2147483647;
			files = (
			);
			runOnlyForDeploymentPostprocessing = 0;
		};
		63F6073E2BE187A20000E44B /* Frameworks */ = {
			isa = PBXFrameworksBuildPhase;
			buildActionMask = 2147483647;
			files = (
			);
			runOnlyForDeploymentPostprocessing = 0;
		};
/* End PBXFrameworksBuildPhase section */

/* Begin PBXGroup section */
		634E7EC32BEAC3EB00921D0B /* Views */ = {
			isa = PBXGroup;
			children = (
				63D2664C2BF8027E0019FC68 /* HelperViews */,
				63C4FB662BF53BA6004B7E98 /* StartingView */,
				63BA923D2BEAC359005B8E36 /* CountingPage */,
				63C4FB622BF3CC11004B7E98 /* SettingsView.swift */,
			);
			path = Views;
			sourceTree = "<group>";
		};
		634E7EC42BEAC46200921D0B /* Models */ = {
			isa = PBXGroup;
			children = (
				63F6075A2BE20EBA0000E44B /* Critters.json */,
				63F607622BE536FF0000E44B /* ImageTranslation.swift */,
				63F6075E2BE3E8130000E44B /* Critter.swift */,
			);
			path = Models;
			sourceTree = "<group>";
		};
		634E7EC52BEAC47E00921D0B /* ViewModel */ = {
			isa = PBXGroup;
			children = (
				63F607582BE2015D0000E44B /* CountingViewModel.swift */,
			);
			path = ViewModel;
			sourceTree = "<group>";
		};
		634E7EC62BEAC48D00921D0B /* Extensions */ = {
			isa = PBXGroup;
			children = (
				63F607602BE3E8CE0000E44B /* Bundle-Decodable.swift */,
			);
			path = Extensions;
			sourceTree = "<group>";
		};
		634E7EC72BEAC4A200921D0B /* Constants */ = {
			isa = PBXGroup;
			children = (
				63F6075C2BE3E0DD0000E44B /* BackgroundGradients.swift */,
			);
			path = Constants;
			sourceTree = "<group>";
		};
		63BA92332BEAB927005B8E36 /* CountingCrittersTests */ = {
			isa = PBXGroup;
			children = (
				63BA92342BEAB927005B8E36 /* CountingViewModelTests.swift */,
				636727252BFE68EA00060ED7 /* StartingViewModelTest.swift */,
			);
			path = CountingCrittersTests;
			sourceTree = "<group>";
		};
		63BA923D2BEAC359005B8E36 /* CountingPage */ = {
			isa = PBXGroup;
			children = (
				634E7EC52BEAC47E00921D0B /* ViewModel */,
				63F607562BE200620000E44B /* CountingView.swift */,
				63D2664F2BF809090019FC68 /* CritterBoard.swift */,
				63BA923B2BEAC1D7005B8E36 /* CritterView.swift */,
				63D266552BFBEFB80019FC68 /* CountingHeadView.swift */,
				63D2665A2BFBF0B80019FC68 /* CountingFootView.swift */,
			);
			path = CountingPage;
			sourceTree = "<group>";
		};
		63C4FB662BF53BA6004B7E98 /* StartingView */ = {
			isa = PBXGroup;
			children = (
				63C4FB6F2BF556D8004B7E98 /* ViewModel */,
				63F607542BE1FFC10000E44B /* StartingView.swift */,
				63C4FB672BF53BDD004B7E98 /* StartingImageView.swift */,
				63C4FB692BF53C27004B7E98 /* StartingImageCarouselView.swift */,
				63C4FB6B2BF53EB1004B7E98 /* InfoSettingButton.swift */,
			);
			path = StartingView;
			sourceTree = "<group>";
		};
		63C4FB6F2BF556D8004B7E98 /* ViewModel */ = {
			isa = PBXGroup;
			children = (
				63C4FB6D2BF556D4004B7E98 /* StartingViewModel.swift */,
			);
			path = ViewModel;
			sourceTree = "<group>";
		};
		63D2664C2BF8027E0019FC68 /* HelperViews */ = {
			isa = PBXGroup;
			children = (
				63D2664D2BF802A90019FC68 /* BackgroundColor.swift */,
				636727212BFCFB7D00060ED7 /* PlaceholderText.swift */,
			);
			path = HelperViews;
			sourceTree = "<group>";
		};
		63E015442C07807A004D820D /* CountingCrittersUITests */ = {
			isa = PBXGroup;
			children = (
				63E015452C07807A004D820D /* CountingCrittersUITests.swift */,
				63E015472C07807A004D820D /* CountingCrittersUITestsLaunchTests.swift */,
			);
			path = CountingCrittersUITests;
			sourceTree = "<group>";
		};
		63F607382BE187A20000E44B = {
			isa = PBXGroup;
			children = (
				63932A6C2C0E537B00D06AEF /* README.md */,
				63F607432BE187A20000E44B /* CountingCritters */,
				63BA92332BEAB927005B8E36 /* CountingCrittersTests */,
				63E015442C07807A004D820D /* CountingCrittersUITests */,
				63F607422BE187A20000E44B /* Products */,
			);
			sourceTree = "<group>";
		};
		63F607422BE187A20000E44B /* Products */ = {
			isa = PBXGroup;
			children = (
				63F607412BE187A20000E44B /* CountingCritters.app */,
				63BA92322BEAB927005B8E36 /* CountingCrittersTests.xctest */,
				63E015432C07807A004D820D /* CountingCrittersUITests.xctest */,
			);
			name = Products;
			sourceTree = "<group>";
		};
		63F607432BE187A20000E44B /* CountingCritters */ = {
			isa = PBXGroup;
			children = (
				634E7EC62BEAC48D00921D0B /* Extensions */,
				634E7EC42BEAC46200921D0B /* Models */,
				634E7EC32BEAC3EB00921D0B /* Views */,
				634E7EC72BEAC4A200921D0B /* Constants */,
				63F607442BE187A20000E44B /* CountingCrittersApp.swift */,
				63D7544B2BF55A180080297E /* HelperMethods.swift */,
				63F607482BE187A40000E44B /* Assets.xcassets */,
				636727272BFE8AD300060ED7 /* PrivacyInfo.xcprivacy */,
				63F6074A2BE187A40000E44B /* Preview Content */,
			);
			path = CountingCritters;
			sourceTree = "<group>";
		};
		63F6074A2BE187A40000E44B /* Preview Content */ = {
			isa = PBXGroup;
			children = (
				63F6074B2BE187A40000E44B /* Preview Assets.xcassets */,
			);
			path = "Preview Content";
			sourceTree = "<group>";
		};
/* End PBXGroup section */

/* Begin PBXNativeTarget section */
		63BA92312BEAB927005B8E36 /* CountingCrittersTests */ = {
			isa = PBXNativeTarget;
			buildConfigurationList = 63BA92382BEAB927005B8E36 /* Build configuration list for PBXNativeTarget "CountingCrittersTests" */;
			buildPhases = (
				63BA922E2BEAB927005B8E36 /* Sources */,
				63BA922F2BEAB927005B8E36 /* Frameworks */,
				63BA92302BEAB927005B8E36 /* Resources */,
			);
			buildRules = (
			);
			dependencies = (
				63BA92372BEAB927005B8E36 /* PBXTargetDependency */,
			);
			name = CountingCrittersTests;
			productName = CountingCrittersTests;
			productReference = 63BA92322BEAB927005B8E36 /* CountingCrittersTests.xctest */;
			productType = "com.apple.product-type.bundle.unit-test";
		};
		63E015422C07807A004D820D /* CountingCrittersUITests */ = {
			isa = PBXNativeTarget;
			buildConfigurationList = 63E0154B2C07807A004D820D /* Build configuration list for PBXNativeTarget "CountingCrittersUITests" */;
			buildPhases = (
				63E0153F2C07807A004D820D /* Sources */,
				63E015402C07807A004D820D /* Frameworks */,
				63E015412C07807A004D820D /* Resources */,
			);
			buildRules = (
			);
			dependencies = (
				63E0154A2C07807A004D820D /* PBXTargetDependency */,
			);
			name = CountingCrittersUITests;
			productName = CountingCrittersUITests;
			productReference = 63E015432C07807A004D820D /* CountingCrittersUITests.xctest */;
			productType = "com.apple.product-type.bundle.ui-testing";
		};
		63F607402BE187A20000E44B /* CountingCritters */ = {
			isa = PBXNativeTarget;
			buildConfigurationList = 63F6074F2BE187A40000E44B /* Build configuration list for PBXNativeTarget "CountingCritters" */;
			buildPhases = (
				63F6073D2BE187A20000E44B /* Sources */,
				63F6073E2BE187A20000E44B /* Frameworks */,
				63F6073F2BE187A20000E44B /* Resources */,
			);
			buildRules = (
			);
			dependencies = (
			);
			name = CountingCritters;
			productName = CountingCritters;
			productReference = 63F607412BE187A20000E44B /* CountingCritters.app */;
			productType = "com.apple.product-type.application";
		};
/* End PBXNativeTarget section */

/* Begin PBXProject section */
		63F607392BE187A20000E44B /* Project object */ = {
			isa = PBXProject;
			attributes = {
				BuildIndependentTargetsInParallel = 1;
				LastSwiftUpdateCheck = 1540;
				LastUpgradeCheck = 1530;
				TargetAttributes = {
					63BA92312BEAB927005B8E36 = {
						CreatedOnToolsVersion = 15.3;
						TestTargetID = 63F607402BE187A20000E44B;
					};
					63E015422C07807A004D820D = {
						CreatedOnToolsVersion = 15.4;
						TestTargetID = 63F607402BE187A20000E44B;
					};
					63F607402BE187A20000E44B = {
						CreatedOnToolsVersion = 15.3;
					};
				};
			};
			buildConfigurationList = 63F6073C2BE187A20000E44B /* Build configuration list for PBXProject "CritterCounting" */;
			compatibilityVersion = "Xcode 14.0";
			developmentRegion = en;
			hasScannedForEncodings = 0;
			knownRegions = (
				en,
				Base,
			);
			mainGroup = 63F607382BE187A20000E44B;
			productRefGroup = 63F607422BE187A20000E44B /* Products */;
			projectDirPath = "";
			projectRoot = "";
			targets = (
				63F607402BE187A20000E44B /* CountingCritters */,
				63BA92312BEAB927005B8E36 /* CountingCrittersTests */,
				63E015422C07807A004D820D /* CountingCrittersUITests */,
			);
		};
/* End PBXProject section */

/* Begin PBXResourcesBuildPhase section */
		63BA92302BEAB927005B8E36 /* Resources */ = {
			isa = PBXResourcesBuildPhase;
			buildActionMask = 2147483647;
			files = (
			);
			runOnlyForDeploymentPostprocessing = 0;
		};
		63E015412C07807A004D820D /* Resources */ = {
			isa = PBXResourcesBuildPhase;
			buildActionMask = 2147483647;
			files = (
			);
			runOnlyForDeploymentPostprocessing = 0;
		};
		63F6073F2BE187A20000E44B /* Resources */ = {
			isa = PBXResourcesBuildPhase;
			buildActionMask = 2147483647;
			files = (
				63F6074C2BE187A40000E44B /* Preview Assets.xcassets in Resources */,
				63F6075B2BE20EBA0000E44B /* Critters.json in Resources */,
				63F607492BE187A40000E44B /* Assets.xcassets in Resources */,
			);
			runOnlyForDeploymentPostprocessing = 0;
		};
/* End PBXResourcesBuildPhase section */

/* Begin PBXSourcesBuildPhase section */
		63BA922E2BEAB927005B8E36 /* Sources */ = {
			isa = PBXSourcesBuildPhase;
			buildActionMask = 2147483647;
			files = (
				636727262BFE68EA00060ED7 /* StartingViewModelTest.swift in Sources */,
				63BA92352BEAB927005B8E36 /* CountingViewModelTests.swift in Sources */,
			);
			runOnlyForDeploymentPostprocessing = 0;
		};
		63E0153F2C07807A004D820D /* Sources */ = {
			isa = PBXSourcesBuildPhase;
			buildActionMask = 2147483647;
			files = (
				63E015462C07807A004D820D /* CountingCrittersUITests.swift in Sources */,
				63E015482C07807A004D820D /* CountingCrittersUITestsLaunchTests.swift in Sources */,
			);
			runOnlyForDeploymentPostprocessing = 0;
		};
		63F6073D2BE187A20000E44B /* Sources */ = {
			isa = PBXSourcesBuildPhase;
			buildActionMask = 2147483647;
			files = (
				63F607552BE1FFC10000E44B /* StartingView.swift in Sources */,
				63C4FB6C2BF53EB1004B7E98 /* InfoSettingButton.swift in Sources */,
				63D7544C2BF55A180080297E /* HelperMethods.swift in Sources */,
				63C4FB682BF53BDD004B7E98 /* StartingImageView.swift in Sources */,
				63F607572BE200620000E44B /* CountingView.swift in Sources */,
				63F6075D2BE3E0DD0000E44B /* BackgroundGradients.swift in Sources */,
				63D266502BF809090019FC68 /* CritterBoard.swift in Sources */,
				63F607612BE3E8CE0000E44B /* Bundle-Decodable.swift in Sources */,
				636727222BFCFB7D00060ED7 /* PlaceholderText.swift in Sources */,
				63F6075F2BE3E8130000E44B /* Critter.swift in Sources */,
				63C4FB6A2BF53C27004B7E98 /* StartingImageCarouselView.swift in Sources */,
				63C4FB632BF3CC11004B7E98 /* SettingsView.swift in Sources */,
				63F607452BE187A20000E44B /* CountingCrittersApp.swift in Sources */,
				63C4FB6E2BF556D4004B7E98 /* StartingViewModel.swift in Sources */,
				63F607592BE2015D0000E44B /* CountingViewModel.swift in Sources */,
				63F607632BE536FF0000E44B /* ImageTranslation.swift in Sources */,
				63BA923C2BEAC1D7005B8E36 /* CritterView.swift in Sources */,
				63D266562BFBEFB80019FC68 /* CountingHeadView.swift in Sources */,
				63D2664E2BF802A90019FC68 /* BackgroundColor.swift in Sources */,
				63D2665B2BFBF0B80019FC68 /* CountingFootView.swift in Sources */,
			);
			runOnlyForDeploymentPostprocessing = 0;
		};
/* End PBXSourcesBuildPhase section */

/* Begin PBXTargetDependency section */
		63BA92372BEAB927005B8E36 /* PBXTargetDependency */ = {
			isa = PBXTargetDependency;
			target = 63F607402BE187A20000E44B /* CountingCritters */;
			targetProxy = 63BA92362BEAB927005B8E36 /* PBXContainerItemProxy */;
		};
		63E0154A2C07807A004D820D /* PBXTargetDependency */ = {
			isa = PBXTargetDependency;
			target = 63F607402BE187A20000E44B /* CountingCritters */;
			targetProxy = 63E015492C07807A004D820D /* PBXContainerItemProxy */;
		};
/* End PBXTargetDependency section */

/* Begin XCBuildConfiguration section */
		63BA92392BEAB927005B8E36 /* Debug */ = {
			isa = XCBuildConfiguration;
			buildSettings = {
				BUNDLE_LOADER = "$(TEST_HOST)";
				CODE_SIGN_STYLE = Automatic;
				CURRENT_PROJECT_VERSION = 1;
				DEVELOPMENT_TEAM = PGC4FV57FE;
				GENERATE_INFOPLIST_FILE = YES;
				MARKETING_VERSION = 1.0;
				PRODUCT_BUNDLE_IDENTIFIER = com.david.CountingCritters.CountingCrittersTests;
				PRODUCT_NAME = "$(TARGET_NAME)";
				SWIFT_EMIT_LOC_STRINGS = NO;
				SWIFT_VERSION = 5.0;
				TARGETED_DEVICE_FAMILY = "1,2";
				TEST_HOST = "$(BUILT_PRODUCTS_DIR)/CountingCritters.app/$(BUNDLE_EXECUTABLE_FOLDER_PATH)/CountingCritters";
			};
			name = Debug;
		};
		63BA923A2BEAB927005B8E36 /* Release */ = {
			isa = XCBuildConfiguration;
			buildSettings = {
				BUNDLE_LOADER = "$(TEST_HOST)";
				CODE_SIGN_STYLE = Automatic;
				CURRENT_PROJECT_VERSION = 1;
				DEVELOPMENT_TEAM = PGC4FV57FE;
				GENERATE_INFOPLIST_FILE = YES;
				MARKETING_VERSION = 1.0;
				PRODUCT_BUNDLE_IDENTIFIER = com.david.CountingCritters.CountingCrittersTests;
				PRODUCT_NAME = "$(TARGET_NAME)";
				SWIFT_EMIT_LOC_STRINGS = NO;
				SWIFT_VERSION = 5.0;
				TARGETED_DEVICE_FAMILY = "1,2";
				TEST_HOST = "$(BUILT_PRODUCTS_DIR)/CountingCritters.app/$(BUNDLE_EXECUTABLE_FOLDER_PATH)/CountingCritters";
			};
			name = Release;
		};
		63E0154C2C07807A004D820D /* Debug */ = {
			isa = XCBuildConfiguration;
			buildSettings = {
				CODE_SIGN_STYLE = Automatic;
				CURRENT_PROJECT_VERSION = 1;
				DEVELOPMENT_TEAM = PGC4FV57FE;
				GENERATE_INFOPLIST_FILE = YES;
				IPHONEOS_DEPLOYMENT_TARGET = 17.5;
				MARKETING_VERSION = 1.0;
				PRODUCT_BUNDLE_IDENTIFIER = com.david.CountingCrittersUITests;
				PRODUCT_NAME = "$(TARGET_NAME)";
				SWIFT_EMIT_LOC_STRINGS = NO;
				SWIFT_VERSION = 5.0;
				TARGETED_DEVICE_FAMILY = "1,2";
				TEST_TARGET_NAME = CountingCritters;
			};
			name = Debug;
		};
		63E0154D2C07807A004D820D /* Release */ = {
			isa = XCBuildConfiguration;
			buildSettings = {
				CODE_SIGN_STYLE = Automatic;
				CURRENT_PROJECT_VERSION = 1;
				DEVELOPMENT_TEAM = PGC4FV57FE;
				GENERATE_INFOPLIST_FILE = YES;
				IPHONEOS_DEPLOYMENT_TARGET = 17.5;
				MARKETING_VERSION = 1.0;
				PRODUCT_BUNDLE_IDENTIFIER = com.david.CountingCrittersUITests;
				PRODUCT_NAME = "$(TARGET_NAME)";
				SWIFT_EMIT_LOC_STRINGS = NO;
				SWIFT_VERSION = 5.0;
				TARGETED_DEVICE_FAMILY = "1,2";
				TEST_TARGET_NAME = CountingCritters;
			};
			name = Release;
		};
		63F6074D2BE187A40000E44B /* Debug */ = {
			isa = XCBuildConfiguration;
			buildSettings = {
				ALWAYS_SEARCH_USER_PATHS = NO;
				ASSETCATALOG_COMPILER_GENERATE_SWIFT_ASSET_SYMBOL_EXTENSIONS = YES;
				CLANG_ANALYZER_NONNULL = YES;
				CLANG_ANALYZER_NUMBER_OBJECT_CONVERSION = YES_AGGRESSIVE;
				CLANG_CXX_LANGUAGE_STANDARD = "gnu++20";
				CLANG_ENABLE_MODULES = YES;
				CLANG_ENABLE_OBJC_ARC = YES;
				CLANG_ENABLE_OBJC_WEAK = YES;
				CLANG_WARN_BLOCK_CAPTURE_AUTORELEASING = YES;
				CLANG_WARN_BOOL_CONVERSION = YES;
				CLANG_WARN_COMMA = YES;
				CLANG_WARN_CONSTANT_CONVERSION = YES;
				CLANG_WARN_DEPRECATED_OBJC_IMPLEMENTATIONS = YES;
				CLANG_WARN_DIRECT_OBJC_ISA_USAGE = YES_ERROR;
				CLANG_WARN_DOCUMENTATION_COMMENTS = YES;
				CLANG_WARN_EMPTY_BODY = YES;
				CLANG_WARN_ENUM_CONVERSION = YES;
				CLANG_WARN_INFINITE_RECURSION = YES;
				CLANG_WARN_INT_CONVERSION = YES;
				CLANG_WARN_NON_LITERAL_NULL_CONVERSION = YES;
				CLANG_WARN_OBJC_IMPLICIT_RETAIN_SELF = YES;
				CLANG_WARN_OBJC_LITERAL_CONVERSION = YES;
				CLANG_WARN_OBJC_ROOT_CLASS = YES_ERROR;
				CLANG_WARN_QUOTED_INCLUDE_IN_FRAMEWORK_HEADER = YES;
				CLANG_WARN_RANGE_LOOP_ANALYSIS = YES;
				CLANG_WARN_STRICT_PROTOTYPES = YES;
				CLANG_WARN_SUSPICIOUS_MOVE = YES;
				CLANG_WARN_UNGUARDED_AVAILABILITY = YES_AGGRESSIVE;
				CLANG_WARN_UNREACHABLE_CODE = YES;
				CLANG_WARN__DUPLICATE_METHOD_MATCH = YES;
				COPY_PHASE_STRIP = NO;
				DEBUG_INFORMATION_FORMAT = dwarf;
				ENABLE_STRICT_OBJC_MSGSEND = YES;
				ENABLE_TESTABILITY = YES;
				ENABLE_USER_SCRIPT_SANDBOXING = YES;
				GCC_C_LANGUAGE_STANDARD = gnu17;
				GCC_DYNAMIC_NO_PIC = NO;
				GCC_NO_COMMON_BLOCKS = YES;
				GCC_OPTIMIZATION_LEVEL = 0;
				GCC_PREPROCESSOR_DEFINITIONS = (
					"DEBUG=1",
					"$(inherited)",
				);
				GCC_WARN_64_TO_32_BIT_CONVERSION = YES;
				GCC_WARN_ABOUT_RETURN_TYPE = YES_ERROR;
				GCC_WARN_UNDECLARED_SELECTOR = YES;
				GCC_WARN_UNINITIALIZED_AUTOS = YES_AGGRESSIVE;
				GCC_WARN_UNUSED_FUNCTION = YES;
				GCC_WARN_UNUSED_VARIABLE = YES;
				IPHONEOS_DEPLOYMENT_TARGET = 17.4;
				LOCALIZATION_PREFERS_STRING_CATALOGS = YES;
				MTL_ENABLE_DEBUG_INFO = INCLUDE_SOURCE;
				MTL_FAST_MATH = YES;
				ONLY_ACTIVE_ARCH = YES;
				SDKROOT = iphoneos;
				SWIFT_ACTIVE_COMPILATION_CONDITIONS = "DEBUG $(inherited)";
				SWIFT_OPTIMIZATION_LEVEL = "-Onone";
			};
			name = Debug;
		};
		63F6074E2BE187A40000E44B /* Release */ = {
			isa = XCBuildConfiguration;
			buildSettings = {
				ALWAYS_SEARCH_USER_PATHS = NO;
				ASSETCATALOG_COMPILER_GENERATE_SWIFT_ASSET_SYMBOL_EXTENSIONS = YES;
				CLANG_ANALYZER_NONNULL = YES;
				CLANG_ANALYZER_NUMBER_OBJECT_CONVERSION = YES_AGGRESSIVE;
				CLANG_CXX_LANGUAGE_STANDARD = "gnu++20";
				CLANG_ENABLE_MODULES = YES;
				CLANG_ENABLE_OBJC_ARC = YES;
				CLANG_ENABLE_OBJC_WEAK = YES;
				CLANG_WARN_BLOCK_CAPTURE_AUTORELEASING = YES;
				CLANG_WARN_BOOL_CONVERSION = YES;
				CLANG_WARN_COMMA = YES;
				CLANG_WARN_CONSTANT_CONVERSION = YES;
				CLANG_WARN_DEPRECATED_OBJC_IMPLEMENTATIONS = YES;
				CLANG_WARN_DIRECT_OBJC_ISA_USAGE = YES_ERROR;
				CLANG_WARN_DOCUMENTATION_COMMENTS = YES;
				CLANG_WARN_EMPTY_BODY = YES;
				CLANG_WARN_ENUM_CONVERSION = YES;
				CLANG_WARN_INFINITE_RECURSION = YES;
				CLANG_WARN_INT_CONVERSION = YES;
				CLANG_WARN_NON_LITERAL_NULL_CONVERSION = YES;
				CLANG_WARN_OBJC_IMPLICIT_RETAIN_SELF = YES;
				CLANG_WARN_OBJC_LITERAL_CONVERSION = YES;
				CLANG_WARN_OBJC_ROOT_CLASS = YES_ERROR;
				CLANG_WARN_QUOTED_INCLUDE_IN_FRAMEWORK_HEADER = YES;
				CLANG_WARN_RANGE_LOOP_ANALYSIS = YES;
				CLANG_WARN_STRICT_PROTOTYPES = YES;
				CLANG_WARN_SUSPICIOUS_MOVE = YES;
				CLANG_WARN_UNGUARDED_AVAILABILITY = YES_AGGRESSIVE;
				CLANG_WARN_UNREACHABLE_CODE = YES;
				CLANG_WARN__DUPLICATE_METHOD_MATCH = YES;
				COPY_PHASE_STRIP = NO;
				DEBUG_INFORMATION_FORMAT = "dwarf-with-dsym";
				ENABLE_NS_ASSERTIONS = NO;
				ENABLE_STRICT_OBJC_MSGSEND = YES;
				ENABLE_USER_SCRIPT_SANDBOXING = YES;
				GCC_C_LANGUAGE_STANDARD = gnu17;
				GCC_NO_COMMON_BLOCKS = YES;
				GCC_WARN_64_TO_32_BIT_CONVERSION = YES;
				GCC_WARN_ABOUT_RETURN_TYPE = YES_ERROR;
				GCC_WARN_UNDECLARED_SELECTOR = YES;
				GCC_WARN_UNINITIALIZED_AUTOS = YES_AGGRESSIVE;
				GCC_WARN_UNUSED_FUNCTION = YES;
				GCC_WARN_UNUSED_VARIABLE = YES;
				IPHONEOS_DEPLOYMENT_TARGET = 17.4;
				LOCALIZATION_PREFERS_STRING_CATALOGS = YES;
				MTL_ENABLE_DEBUG_INFO = NO;
				MTL_FAST_MATH = YES;
				SDKROOT = iphoneos;
				SWIFT_COMPILATION_MODE = wholemodule;
				VALIDATE_PRODUCT = YES;
			};
			name = Release;
		};
		63F607502BE187A40000E44B /* Debug */ = {
			isa = XCBuildConfiguration;
			buildSettings = {
				ASSETCATALOG_COMPILER_APPICON_NAME = AppIcon;
				ASSETCATALOG_COMPILER_GLOBAL_ACCENT_COLOR_NAME = AccentColor;
				CODE_SIGN_STYLE = Automatic;
				CURRENT_PROJECT_VERSION = 1;
				DEVELOPMENT_ASSET_PATHS = "\"CountingCritters/Preview Content\"";
				DEVELOPMENT_TEAM = PGC4FV57FE;
				ENABLE_PREVIEWS = YES;
				GENERATE_INFOPLIST_FILE = YES;
				INFOPLIST_KEY_CFBundleDisplayName = "Critter Counting";
				INFOPLIST_KEY_LSApplicationCategoryType = "public.app-category.education";
				INFOPLIST_KEY_UIApplicationSceneManifest_Generation = YES;
				INFOPLIST_KEY_UIApplicationSupportsIndirectInputEvents = YES;
				INFOPLIST_KEY_UILaunchScreen_Generation = YES;
				INFOPLIST_KEY_UIRequiresFullScreen = YES;
				INFOPLIST_KEY_UISupportedInterfaceOrientations = UIInterfaceOrientationPortrait;
				LD_RUNPATH_SEARCH_PATHS = (
					"$(inherited)",
					"@executable_path/Frameworks",
				);
				MARKETING_VERSION = 1.0;
				PRODUCT_BUNDLE_IDENTIFIER = com.david.CritterCounting;
				PRODUCT_NAME = "$(TARGET_NAME)";
				SWIFT_EMIT_LOC_STRINGS = YES;
				SWIFT_VERSION = 5.0;
				TARGETED_DEVICE_FAMILY = "1,2";
			};
			name = Debug;
		};
		63F607512BE187A40000E44B /* Release */ = {
			isa = XCBuildConfiguration;
			buildSettings = {
				ASSETCATALOG_COMPILER_APPICON_NAME = AppIcon;
				ASSETCATALOG_COMPILER_GLOBAL_ACCENT_COLOR_NAME = AccentColor;
				CODE_SIGN_STYLE = Automatic;
				CURRENT_PROJECT_VERSION = 1;
				DEVELOPMENT_ASSET_PATHS = "\"CountingCritters/Preview Content\"";
				DEVELOPMENT_TEAM = PGC4FV57FE;
				ENABLE_PREVIEWS = YES;
				GENERATE_INFOPLIST_FILE = YES;
				INFOPLIST_KEY_CFBundleDisplayName = "Critter Counting";
				INFOPLIST_KEY_LSApplicationCategoryType = "public.app-category.education";
				INFOPLIST_KEY_UIApplicationSceneManifest_Generation = YES;
				INFOPLIST_KEY_UIApplicationSupportsIndirectInputEvents = YES;
				INFOPLIST_KEY_UILaunchScreen_Generation = YES;
				INFOPLIST_KEY_UIRequiresFullScreen = YES;
				INFOPLIST_KEY_UISupportedInterfaceOrientations = UIInterfaceOrientationPortrait;
				LD_RUNPATH_SEARCH_PATHS = (
					"$(inherited)",
					"@executable_path/Frameworks",
				);
				MARKETING_VERSION = 1.0;
				PRODUCT_BUNDLE_IDENTIFIER = com.david.CritterCounting;
				PRODUCT_NAME = "$(TARGET_NAME)";
				SWIFT_EMIT_LOC_STRINGS = YES;
				SWIFT_VERSION = 5.0;
				TARGETED_DEVICE_FAMILY = "1,2";
			};
			name = Release;
		};
/* End XCBuildConfiguration section */

/* Begin XCConfigurationList section */
		63BA92382BEAB927005B8E36 /* Build configuration list for PBXNativeTarget "CountingCrittersTests" */ = {
			isa = XCConfigurationList;
			buildConfigurations = (
				63BA92392BEAB927005B8E36 /* Debug */,
				63BA923A2BEAB927005B8E36 /* Release */,
			);
			defaultConfigurationIsVisible = 0;
			defaultConfigurationName = Release;
		};
		63E0154B2C07807A004D820D /* Build configuration list for PBXNativeTarget "CountingCrittersUITests" */ = {
			isa = XCConfigurationList;
			buildConfigurations = (
				63E0154C2C07807A004D820D /* Debug */,
				63E0154D2C07807A004D820D /* Release */,
			);
			defaultConfigurationIsVisible = 0;
			defaultConfigurationName = Release;
		};
		63F6073C2BE187A20000E44B /* Build configuration list for PBXProject "CritterCounting" */ = {
			isa = XCConfigurationList;
			buildConfigurations = (
				63F6074D2BE187A40000E44B /* Debug */,
				63F6074E2BE187A40000E44B /* Release */,
			);
			defaultConfigurationIsVisible = 0;
			defaultConfigurationName = Release;
		};
		63F6074F2BE187A40000E44B /* Build configuration list for PBXNativeTarget "CountingCritters" */ = {
			isa = XCConfigurationList;
			buildConfigurations = (
				63F607502BE187A40000E44B /* Debug */,
				63F607512BE187A40000E44B /* Release */,
			);
			defaultConfigurationIsVisible = 0;
			defaultConfigurationName = Release;
		};
/* End XCConfigurationList section */
	};
	rootObject = 63F607392BE187A20000E44B /* Project object */;
}
